
Microsoft Visual Studio Solution File, Format Version 12.00
# Visual Studio Version 17
VisualStudioVersion = 17.8.34408.163
MinimumVisualStudioVersion = 10.0.40219.1
Project("{2150E333-8FDC-42A3-9474-1A3956D46DE8}") = "MernisProject", "MernisProject", "{2A1B2481-E4D6-4568-9DA2-0F3EDE030C9C}"
EndProject
Project("{9A19103F-16F7-4668-BE54-9A1E7A4F7556}") = "Business", "MernisProject\Business\Business.csproj", "{67FC017E-F067-4DD6-B3AA-199C1AC7BAF2}"
EndProject
Project("{9A19103F-16F7-4668-BE54-9A1E7A4F7556}") = "Entities", "MernisProject\Entities\Entities.csproj", "{9E5696D7-4310-4817-B33F-9730F880A048}"
EndProject
Project("{9A19103F-16F7-4668-BE54-9A1E7A4F7556}") = "Workaround", "MernisProject\Workaround\Workaround.csproj", "{B68575A7-C4D3-4A93-8F16-88DEB6BB7DFE}"
EndProject
Project("{2150E333-8FDC-42A3-9474-1A3956D46DE8}") = "C#Beginner", "C#Beginner", "{1346FE52-8C7C-464B-A6FC-D9085DD8DDB4}"
EndProject
Project("{9A19103F-16F7-4668-BE54-9A1E7A4F7556}") = "TypesAndVariables", "C#Beginner\TypesAndVariables\TypesAndVariables.csproj", "{60F81C6C-2211-41E5-8949-473D6E8EC339}"
EndProject
Project("{9A19103F-16F7-4668-BE54-9A1E7A4F7556}") = "Methods", "C#Beginner\Methods\Methods.csproj", "{7F3B5B61-57DC-4B14-ABDD-33C9D565A5C4}"
EndProject
Project("{FAE04EC0-301F-11D3-BF4B-00C04F79EFBC}") = "Strings", "C#Beginner\Strings\Strings.csproj", "{6FA35493-3751-451A-B540-CA47807300AE}"
EndProject
Project("{FAE04EC0-301F-11D3-BF4B-00C04F79EFBC}") = "OOP", "C#Beginner\OOP\OOP.csproj", "{B1370D44-AD01-4F5F-8F78-4BAE9396D613}"
EndProject
Global
	GlobalSection(SolutionConfigurationPlatforms) = preSolution
		Debug|Any CPU = Debug|Any CPU
		Release|Any CPU = Release|Any CPU
	EndGlobalSection
	GlobalSection(ProjectConfigurationPlatforms) = postSolution
		{67FC017E-F067-4DD6-B3AA-199C1AC7BAF2}.Debug|Any CPU.ActiveCfg = Debug|Any CPU
		{67FC017E-F067-4DD6-B3AA-199C1AC7BAF2}.Debug|Any CPU.Build.0 = Debug|Any CPU
		{67FC017E-F067-4DD6-B3AA-199C1AC7BAF2}.Release|Any CPU.ActiveCfg = Release|Any CPU
		{67FC017E-F067-4DD6-B3AA-199C1AC7BAF2}.Release|Any CPU.Build.0 = Release|Any CPU
		{9E5696D7-4310-4817-B33F-9730F880A048}.Debug|Any CPU.ActiveCfg = Debug|Any CPU
		{9E5696D7-4310-4817-B33F-9730F880A048}.Debug|Any CPU.Build.0 = Debug|Any CPU
		{9E5696D7-4310-4817-B33F-9730F880A048}.Release|Any CPU.ActiveCfg = Release|Any CPU
		{9E5696D7-4310-4817-B33F-9730F880A048}.Release|Any CPU.Build.0 = Release|Any CPU
		{B68575A7-C4D3-4A93-8F16-88DEB6BB7DFE}.Debug|Any CPU.ActiveCfg = Debug|Any CPU
		{B68575A7-C4D3-4A93-8F16-88DEB6BB7DFE}.Debug|Any CPU.Build.0 = Debug|Any CPU
		{B68575A7-C4D3-4A93-8F16-88DEB6BB7DFE}.Release|Any CPU.ActiveCfg = Release|Any CPU
		{B68575A7-C4D3-4A93-8F16-88DEB6BB7DFE}.Release|Any CPU.Build.0 = Release|Any CPU
		{60F81C6C-2211-41E5-8949-473D6E8EC339}.Debug|Any CPU.ActiveCfg = Debug|Any CPU
		{60F81C6C-2211-41E5-8949-473D6E8EC339}.Debug|Any CPU.Build.0 = Debug|Any CPU
		{60F81C6C-2211-41E5-8949-473D6E8EC339}.Release|Any CPU.ActiveCfg = Release|Any CPU
		{60F81C6C-2211-41E5-8949-473D6E8EC339}.Release|Any CPU.Build.0 = Release|Any CPU
		{7F3B5B61-57DC-4B14-ABDD-33C9D565A5C4}.Debug|Any CPU.ActiveCfg = Debug|Any CPU
		{7F3B5B61-57DC-4B14-ABDD-33C9D565A5C4}.Debug|Any CPU.Build.0 = Debug|Any CPU
		{7F3B5B61-57DC-4B14-ABDD-33C9D565A5C4}.Release|Any CPU.ActiveCfg = Release|Any CPU
		{7F3B5B61-57DC-4B14-ABDD-33C9D565A5C4}.Release|Any CPU.Build.0 = Release|Any CPU
		{6FA35493-3751-451A-B540-CA47807300AE}.Debug|Any CPU.ActiveCfg = Debug|Any CPU
		{6FA35493-3751-451A-B540-CA47807300AE}.Debug|Any CPU.Build.0 = Debug|Any CPU
		{6FA35493-3751-451A-B540-CA47807300AE}.Release|Any CPU.ActiveCfg = Release|Any CPU
		{6FA35493-3751-451A-B540-CA47807300AE}.Release|Any CPU.Build.0 = Release|Any CPU
		{B1370D44-AD01-4F5F-8F78-4BAE9396D613}.Debug|Any CPU.ActiveCfg = Debug|Any CPU
		{B1370D44-AD01-4F5F-8F78-4BAE9396D613}.Debug|Any CPU.Build.0 = Debug|Any CPU
		{B1370D44-AD01-4F5F-8F78-4BAE9396D613}.Release|Any CPU.ActiveCfg = Release|Any CPU
		{B1370D44-AD01-4F5F-8F78-4BAE9396D613}.Release|Any CPU.Build.0 = Release|Any CPU
	EndGlobalSection
	GlobalSection(SolutionProperties) = preSolution
		HideSolutionNode = FALSE
	EndGlobalSection
	GlobalSection(NestedProjects) = preSolution
		{67FC017E-F067-4DD6-B3AA-199C1AC7BAF2} = {2A1B2481-E4D6-4568-9DA2-0F3EDE030C9C}
		{9E5696D7-4310-4817-B33F-9730F880A048} = {2A1B2481-E4D6-4568-9DA2-0F3EDE030C9C}
		{B68575A7-C4D3-4A93-8F16-88DEB6BB7DFE} = {2A1B2481-E4D6-4568-9DA2-0F3EDE030C9C}
		{60F81C6C-2211-41E5-8949-473D6E8EC339} = {1346FE52-8C7C-464B-A6FC-D9085DD8DDB4}
		{7F3B5B61-57DC-4B14-ABDD-33C9D565A5C4} = {1346FE52-8C7C-464B-A6FC-D9085DD8DDB4}
		{6FA35493-3751-451A-B540-CA47807300AE} = {1346FE52-8C7C-464B-A6FC-D9085DD8DDB4}
		{B1370D44-AD01-4F5F-8F78-4BAE9396D613} = {1346FE52-8C7C-464B-A6FC-D9085DD8DDB4}
	EndGlobalSection
	GlobalSection(ExtensibilityGlobals) = postSolution
		SolutionGuid = {921CB7A8-38A2-462C-8C72-986CBCB5A5AC}
	EndGlobalSection
EndGlobal
